
Microsoft Visual Studio Solution File, Format Version 12.00
# Visual Studio Version 16
VisualStudioVersion = 16.0.31005.135
MinimumVisualStudioVersion = 10.0.40219.1
Project("{9A19103F-16F7-4668-BE54-9A1E7A4F7556}") = "Entities", "Entities\Entities.csproj", "{92D99F2C-C8BF-4FA1-9725-F3C59559D399}"
EndProject
Project("{9A19103F-16F7-4668-BE54-9A1E7A4F7556}") = "DataAccess", "DataAccess\DataAccess.csproj", "{61FAE3AA-BEB3-4B9C-B362-A2202FF97580}"
EndProject
Project("{9A19103F-16F7-4668-BE54-9A1E7A4F7556}") = "Business", "Business\Business.csproj", "{B493FEB3-D10D-416A-9668-9B1171BF3BC9}"
EndProject
Project("{9A19103F-16F7-4668-BE54-9A1E7A4F7556}") = "ConsoleUI", "ConsoleUI\ConsoleUI.csproj", "{EF9BB9E2-F013-41D7-81C1-721D5D6D3D6E}"
EndProject
Project("{9A19103F-16F7-4668-BE54-9A1E7A4F7556}") = "Core", "Core\Core.csproj", "{12C99256-D4BB-4926-990F-25DB72085442}"
EndProject
Project("{FAE04EC0-301F-11D3-BF4B-00C04F79EFBC}") = "WebAPI", "WebAPI\WebAPI.csproj", "{69E12DA9-304D-4150-BD6A-477446259459}"
EndProject
Global
	GlobalSection(SolutionConfigurationPlatforms) = preSolution
		Debug|Any CPU = Debug|Any CPU
		Release|Any CPU = Release|Any CPU
	EndGlobalSection
	GlobalSection(ProjectConfigurationPlatforms) = postSolution
		{92D99F2C-C8BF-4FA1-9725-F3C59559D399}.Debug|Any CPU.ActiveCfg = Debug|Any CPU
		{92D99F2C-C8BF-4FA1-9725-F3C59559D399}.Debug|Any CPU.Build.0 = Debug|Any CPU
		{92D99F2C-C8BF-4FA1-9725-F3C59559D399}.Release|Any CPU.ActiveCfg = Release|Any CPU
		{92D99F2C-C8BF-4FA1-9725-F3C59559D399}.Release|Any CPU.Build.0 = Release|Any CPU
		{61FAE3AA-BEB3-4B9C-B362-A2202FF97580}.Debug|Any CPU.ActiveCfg = Debug|Any CPU
		{61FAE3AA-BEB3-4B9C-B362-A2202FF97580}.Debug|Any CPU.Build.0 = Debug|Any CPU
		{61FAE3AA-BEB3-4B9C-B362-A2202FF97580}.Release|Any CPU.ActiveCfg = Release|Any CPU
		{61FAE3AA-BEB3-4B9C-B362-A2202FF97580}.Release|Any CPU.Build.0 = Release|Any CPU
		{B493FEB3-D10D-416A-9668-9B1171BF3BC9}.Debug|Any CPU.ActiveCfg = Debug|Any CPU
		{B493FEB3-D10D-416A-9668-9B1171BF3BC9}.Debug|Any CPU.Build.0 = Debug|Any CPU
		{B493FEB3-D10D-416A-9668-9B1171BF3BC9}.Release|Any CPU.ActiveCfg = Release|Any CPU
		{B493FEB3-D10D-416A-9668-9B1171BF3BC9}.Release|Any CPU.Build.0 = Release|Any CPU
		{EF9BB9E2-F013-41D7-81C1-721D5D6D3D6E}.Debug|Any CPU.ActiveCfg = Debug|Any CPU
		{EF9BB9E2-F013-41D7-81C1-721D5D6D3D6E}.Debug|Any CPU.Build.0 = Debug|Any CPU
		{EF9BB9E2-F013-41D7-81C1-721D5D6D3D6E}.Release|Any CPU.ActiveCfg = Release|Any CPU
		{EF9BB9E2-F013-41D7-81C1-721D5D6D3D6E}.Release|Any CPU.Build.0 = Release|Any CPU
		{12C99256-D4BB-4926-990F-25DB72085442}.Debug|Any CPU.ActiveCfg = Debug|Any CPU
		{12C99256-D4BB-4926-990F-25DB72085442}.Debug|Any CPU.Build.0 = Debug|Any CPU
		{12C99256-D4BB-4926-990F-25DB72085442}.Release|Any CPU.ActiveCfg = Release|Any CPU
		{12C99256-D4BB-4926-990F-25DB72085442}.Release|Any CPU.Build.0 = Release|Any CPU
		{69E12DA9-304D-4150-BD6A-477446259459}.Debug|Any CPU.ActiveCfg = Debug|Any CPU
		{69E12DA9-304D-4150-BD6A-477446259459}.Debug|Any CPU.Build.0 = Debug|Any CPU
		{69E12DA9-304D-4150-BD6A-477446259459}.Release|Any CPU.ActiveCfg = Release|Any CPU
		{69E12DA9-304D-4150-BD6A-477446259459}.Release|Any CPU.Build.0 = Release|Any CPU
	EndGlobalSection
	GlobalSection(SolutionProperties) = preSolution
		HideSolutionNode = FALSE
	EndGlobalSection
	GlobalSection(ExtensibilityGlobals) = postSolution
		SolutionGuid = {4C5ADE2B-8C3B-4F24-92EE-6FCBF0A51751}
	EndGlobalSection
EndGlobal
